<?xml version="1.0" encoding="utf-8"?>
<Project ToolsVersion="4.0" xmlns="http://schemas.microsoft.com/developer/msbuild/2003">
  <ItemGroup>
    <Filter Include="tr">
      <UniqueIdentifier>{2506c327-a137-4d8c-a75d-fb35b7126e98}</UniqueIdentifier>
    </Filter>
    <Filter Include="matrix">
      <UniqueIdentifier>{960c21c4-786b-4791-a841-6a0b3ee6e217}</UniqueIdentifier>
    </Filter>
  </ItemGroup>
  <ItemGroup>
    <ClCompile Include="$(MSBuildThisFileDirectory)src\matrix\Matrices.cpp">
      <Filter>matrix</Filter>
    </ClCompile>
    <ClCompile Include="$(MSBuildThisFileDirectory)src\tr\trTexture.cpp">
      <Filter>tr</Filter>
    </ClCompile>
    <ClCompile Include="$(MSBuildThisFileDirectory)src\tr\trTransformedVertex.cpp">
      <Filter>tr</Filter>
    </ClCompile>
    <ClCompile Include="$(MSBuildThisFileDirectory)src\tr\trQuadFloat.cpp">
      <Filter>tr</Filter>
    </ClCompile>
    <ClCompile Include="$(MSBuildThisFileDirectory)src\tr\trQuadInt.cpp">
      <Filter>tr</Filter>
    </ClCompile>
    <ClCompile Include="$(MSBuildThisFileDirectory)src\tr\trQuadVec2.cpp">
      <Filter>tr</Filter>
    </ClCompile>
    <ClCompile Include="$(MSBuildThisFileDirectory)src\tr\trQuadMask.cpp">
      <Filter>tr</Filter>
    </ClCompile>
    <ClCompile Include="$(MSBuildThisFileDirectory)src\tr\trQuadVec3.cpp">
      <Filter>tr</Filter>
    </ClCompile>
    <ClCompile Include="$(MSBuildThisFileDirectory)src\tr\trColorBuffer.cpp">
      <Filter>tr</Filter>
    </ClCompile>
    <ClCompile Include="$(MSBuildThisFileDirectory)src\tr\trQuadColor.cpp">
      <Filter>tr</Filter>
    </ClCompile>
    <ClCompile Include="$(MSBuildThisFileDirectory)src\tr\trQuadTransformedVertex.cpp">
      <Filter>tr</Filter>
    </ClCompile>
    <ClCompile Include="$(MSBuildThisFileDirectory)src\tr\trTile.cpp">
      <Filter>tr</Filter>
    </ClCompile>
    <ClCompile Include="$(MSBuildThisFileDirectory)src\tr\trRect.cpp">
      <Filter>tr</Filter>
    </ClCompile>
    <ClCompile Include="$(MSBuildThisFileDirectory)src\tr\trTriangle.cpp">
      <Filter>tr</Filter>
    </ClCompile>
  </ItemGroup>
  <ItemGroup>
    <ClInclude Include="$(MSBuildThisFileDirectory)src\matrix\Matrices.h">
      <Filter>matrix</Filter>
    </ClInclude>
    <ClInclude Include="$(MSBuildThisFileDirectory)src\matrix\Vectors.h">
      <Filter>matrix</Filter>
    </ClInclude>
    <ClInclude Include="$(MSBuildThisFileDirectory)src\tr\tr.hpp">
      <Filter>tr</Filter>
    </ClInclude>
    <ClInclude Include="$(MSBuildThisFileDirectory)src\tr\trAxis.hpp">
      <Filter>tr</Filter>
    </ClInclude>
    <ClInclude Include="$(MSBuildThisFileDirectory)src\tr\trBlendMode.hpp">
      <Filter>tr</Filter>
    </ClInclude>
    <ClInclude Include="$(MSBuildThisFileDirectory)src\tr\trBuffer.hpp">
      <Filter>tr</Filter>
    </ClInclude>
    <ClInclude Include="$(MSBuildThisFileDirectory)src\tr\trColor.hpp">
      <Filter>tr</Filter>
    </ClInclude>
    <ClInclude Include="$(MSBuildThisFileDirectory)src\tr\trColorBuffer.hpp">
      <Filter>tr</Filter>
    </ClInclude>
    <ClInclude Include="$(MSBuildThisFileDirectory)src\tr\trCoord.hpp">
      <Filter>tr</Filter>
    </ClInclude>
    <ClInclude Include="$(MSBuildThisFileDirectory)src\tr\trCullFaceMode.hpp">
      <Filter>tr</Filter>
    </ClInclude>
    <ClInclude Include="$(MSBuildThisFileDirectory)src\tr\trDepthBuffer.hpp">
      <Filter>tr</Filter>
    </ClInclude>
    <ClInclude Include="$(MSBuildThisFileDirectory)src\tr\trEdgeInfo.hpp">
      <Filter>tr</Filter>
    </ClInclude>
    <ClInclude Include="$(MSBuildThisFileDirectory)src\tr\trError.hpp">
      <Filter>tr</Filter>
    </ClInclude>
    <ClInclude Include="$(MSBuildThisFileDirectory)src\tr\trPrimitive.hpp">
      <Filter>tr</Filter>
    </ClInclude>
    <ClInclude Include="$(MSBuildThisFileDirectory)src\tr\trRasterizer.hpp">
      <Filter>tr</Filter>
    </ClInclude>
    <ClInclude Include="$(MSBuildThisFileDirectory)src\tr\trTexture.hpp">
      <Filter>tr</Filter>
    </ClInclude>
    <ClInclude Include="$(MSBuildThisFileDirectory)src\tr\trTextureMode.hpp">
      <Filter>tr</Filter>
    </ClInclude>
    <ClInclude Include="$(MSBuildThisFileDirectory)src\tr\trTextureWrappingMode.hpp">
      <Filter>tr</Filter>
    </ClInclude>
    <ClInclude Include="$(MSBuildThisFileDirectory)src\tr\trTransformedVertex.hpp">
      <Filter>tr</Filter>
    </ClInclude>
    <ClInclude Include="$(MSBuildThisFileDirectory)src\tr\trVertex.hpp">
      <Filter>tr</Filter>
    </ClInclude>
    <ClInclude Include="$(MSBuildThisFileDirectory)src\tr\trVertexClipBitMasks.hpp">
      <Filter>tr</Filter>
    </ClInclude>
    <ClInclude Include="$(MSBuildThisFileDirectory)src\tr\trQuadFloat.hpp">
      <Filter>tr</Filter>
    </ClInclude>
    <ClInclude Include="$(MSBuildThisFileDirectory)src\tr\trQuadVec2.hpp">
      <Filter>tr</Filter>
    </ClInclude>
    <ClInclude Include="$(MSBuildThisFileDirectory)src\tr\trQuadInt.hpp">
      <Filter>tr</Filter>
    </ClInclude>
    <ClInclude Include="$(MSBuildThisFileDirectory)src\tr\trQuadMask.hpp">
      <Filter>tr</Filter>
    </ClInclude>
    <ClInclude Include="$(MSBuildThisFileDirectory)src\tr\trQuadVec3.hpp">
      <Filter>tr</Filter>
    </ClInclude>
    <ClInclude Include="$(MSBuildThisFileDirectory)src\tr\trQuadTransformedVertex.hpp">
      <Filter>tr</Filter>
    </ClInclude>
    <ClInclude Include="$(MSBuildThisFileDirectory)src\tr\trQuadColor.hpp">
      <Filter>tr</Filter>
    </ClInclude>
    <ClInclude Include="$(MSBuildThisFileDirectory)src\tr\trTile.hpp">
      <Filter>tr</Filter>
    </ClInclude>
    <ClInclude Include="$(MSBuildThisFileDirectory)src\tr\trTileManager.hpp">
      <Filter>tr</Filter>
    </ClInclude>
    <ClInclude Include="$(MSBuildThisFileDirectory)src\tr\trTriangle.hpp">
      <Filter>tr</Filter>
    </ClInclude>
    <ClInclude Include="$(MSBuildThisFileDirectory)src\tr\trRect.hpp">
      <Filter>tr</Filter>
    </ClInclude>
    <ClInclude Include="$(MSBuildThisFileDirectory)src\tr\trRenderThread.hpp">
      <Filter>tr</Filter>
    </ClInclude>
    <ClInclude Include="$(MSBuildThisFileDirectory)src\tr\trRasterizationParams.hpp">
      <Filter>tr</Filter>
    </ClInclude>
  </ItemGroup>
</Project>