<?xml version="1.0" encoding="utf-8"?>
<Project ToolsVersion="4.0" xmlns="http://schemas.microsoft.com/developer/msbuild/2003">
  <ItemGroup>
    <Filter Include="tr">
      <UniqueIdentifier>{ae4c592b-234c-468c-afb1-9b38f9730f97}</UniqueIdentifier>
    </Filter>
    <Filter Include="matrix">
      <UniqueIdentifier>{63ef8641-1f2a-457d-ad6f-2d4edfd5449b}</UniqueIdentifier>
    </Filter>
    <Filter Include="lodepng">
      <UniqueIdentifier>{f8c2e606-d648-4ff7-901c-e5b48e4c7ff2}</UniqueIdentifier>
    </Filter>
  </ItemGroup>
  <ItemGroup>
    <ClInclude Include="src\tr\tr.hpp">
      <Filter>tr</Filter>
    </ClInclude>
    <ClInclude Include="src\tr\trBuffer.hpp">
      <Filter>tr</Filter>
    </ClInclude>
    <ClInclude Include="src\tr\trColor.hpp">
      <Filter>tr</Filter>
    </ClInclude>
    <ClInclude Include="src\matrix\Matrices.h">
      <Filter>matrix</Filter>
    </ClInclude>
    <ClInclude Include="src\matrix\Vectors.h">
      <Filter>matrix</Filter>
    </ClInclude>
    <ClInclude Include="src\tr\trCoord.hpp">
      <Filter>tr</Filter>
    </ClInclude>
    <ClInclude Include="src\tr\trDepthBuffer.hpp">
      <Filter>tr</Filter>
    </ClInclude>
    <ClInclude Include="src\tr\trColorBuffer.hpp">
      <Filter>tr</Filter>
    </ClInclude>
    <ClInclude Include="src\tr\trFunctions.hpp">
      <Filter>tr</Filter>
    </ClInclude>
    <ClInclude Include="src\tr\trException.hpp">
      <Filter>tr</Filter>
    </ClInclude>
    <ClInclude Include="src\tr\trFileException.hpp">
      <Filter>tr</Filter>
    </ClInclude>
    <ClInclude Include="src\tr\trVertex.hpp">
      <Filter>tr</Filter>
    </ClInclude>
    <ClInclude Include="src\tr\trRasterizer.hpp">
      <Filter>tr</Filter>
    </ClInclude>
    <ClInclude Include="src\tr\trPrimitive.hpp">
      <Filter>tr</Filter>
    </ClInclude>
    <ClInclude Include="src\tr\trEdgeInfo.hpp">
      <Filter>tr</Filter>
    </ClInclude>
    <ClInclude Include="src\tr\trAxis.hpp">
      <Filter>tr</Filter>
    </ClInclude>
    <ClInclude Include="src\tr\trVertexClipBitMasks.hpp">
      <Filter>tr</Filter>
    </ClInclude>
    <ClInclude Include="src\lodepng\lodepng.h">
      <Filter>lodepng</Filter>
    </ClInclude>
  </ItemGroup>
  <ItemGroup>
    <ClCompile Include="src\matrix\Matrices.cpp">
      <Filter>matrix</Filter>
    </ClCompile>
    <ClCompile Include="src\example.cpp" />
    <ClCompile Include="src\tr\trFunctions.cpp">
      <Filter>tr</Filter>
    </ClCompile>
    <ClCompile Include="src\tr\trRasterizer.cpp">
      <Filter>tr</Filter>
    </ClCompile>
    <ClCompile Include="src\lodepng\lodepng.cpp">
      <Filter>lodepng</Filter>
    </ClCompile>
    <ClCompile Include="src\tr\trVertex.cpp">
      <Filter>tr</Filter>
    </ClCompile>
  </ItemGroup>
</Project>