<?xml version="1.0" encoding="utf-8"?>
<Project ToolsVersion="4.0" xmlns="http://schemas.microsoft.com/developer/msbuild/2003">
  <ItemGroup>
    <Filter Include="tr">
      <UniqueIdentifier>{ae4c592b-234c-468c-afb1-9b38f9730f97}</UniqueIdentifier>
    </Filter>
    <Filter Include="matrix">
      <UniqueIdentifier>{63ef8641-1f2a-457d-ad6f-2d4edfd5449b}</UniqueIdentifier>
    </Filter>
    <Filter Include="lodepng">
      <UniqueIdentifier>{f8c2e606-d648-4ff7-901c-e5b48e4c7ff2}</UniqueIdentifier>
    </Filter>
    <Filter Include="sg14">
      <UniqueIdentifier>{1c8969b7-5295-4a58-aacc-d539844a9774}</UniqueIdentifier>
    </Filter>
    <Filter Include="sg14\auxiliary">
      <UniqueIdentifier>{1f441601-6839-4a75-ae11-c8dfd4f3703c}</UniqueIdentifier>
    </Filter>
    <Filter Include="sg14\bits">
      <UniqueIdentifier>{d8eeaa76-a535-4f56-ac3c-33fd4789be6e}</UniqueIdentifier>
    </Filter>
  </ItemGroup>
  <ItemGroup>
    <ClInclude Include="src\tr\tr.hpp">
      <Filter>tr</Filter>
    </ClInclude>
    <ClInclude Include="src\tr\trBuffer.hpp">
      <Filter>tr</Filter>
    </ClInclude>
    <ClInclude Include="src\tr\trColor.hpp">
      <Filter>tr</Filter>
    </ClInclude>
    <ClInclude Include="src\matrix\Matrices.h">
      <Filter>matrix</Filter>
    </ClInclude>
    <ClInclude Include="src\matrix\Vectors.h">
      <Filter>matrix</Filter>
    </ClInclude>
    <ClInclude Include="src\tr\trCoord.hpp">
      <Filter>tr</Filter>
    </ClInclude>
    <ClInclude Include="src\tr\trDepthBuffer.hpp">
      <Filter>tr</Filter>
    </ClInclude>
    <ClInclude Include="src\tr\trColorBuffer.hpp">
      <Filter>tr</Filter>
    </ClInclude>
    <ClInclude Include="src\tr\trFunctions.hpp">
      <Filter>tr</Filter>
    </ClInclude>
    <ClInclude Include="src\tr\trException.hpp">
      <Filter>tr</Filter>
    </ClInclude>
    <ClInclude Include="src\tr\trFileException.hpp">
      <Filter>tr</Filter>
    </ClInclude>
    <ClInclude Include="src\tr\trVertex.hpp">
      <Filter>tr</Filter>
    </ClInclude>
    <ClInclude Include="src\tr\trRasterizer.hpp">
      <Filter>tr</Filter>
    </ClInclude>
    <ClInclude Include="src\tr\trPrimitive.hpp">
      <Filter>tr</Filter>
    </ClInclude>
    <ClInclude Include="src\tr\trEdgeInfo.hpp">
      <Filter>tr</Filter>
    </ClInclude>
    <ClInclude Include="src\tr\trAxis.hpp">
      <Filter>tr</Filter>
    </ClInclude>
    <ClInclude Include="src\tr\trVertexClipBitMasks.hpp">
      <Filter>tr</Filter>
    </ClInclude>
    <ClInclude Include="src\lodepng\lodepng.h">
      <Filter>lodepng</Filter>
    </ClInclude>
    <ClInclude Include="src\tr\trDepthMode.hpp">
      <Filter>tr</Filter>
    </ClInclude>
    <ClInclude Include="src\tr\trTextureMode.hpp">
      <Filter>tr</Filter>
    </ClInclude>
    <ClInclude Include="src\tr\trTextureWrappingMode.hpp">
      <Filter>tr</Filter>
    </ClInclude>
    <ClInclude Include="src\sg14\fixed_point.h">
      <Filter>sg14</Filter>
    </ClInclude>
    <ClInclude Include="src\sg14\num_traits.h">
      <Filter>sg14</Filter>
    </ClInclude>
    <ClInclude Include="src\sg14\auxiliary\elastic_integer.h">
      <Filter>sg14\auxiliary</Filter>
    </ClInclude>
    <ClInclude Include="src\sg14\auxiliary\multiprecision.h">
      <Filter>sg14\auxiliary</Filter>
    </ClInclude>
    <ClInclude Include="src\sg14\auxiliary\numeric.h">
      <Filter>sg14\auxiliary</Filter>
    </ClInclude>
    <ClInclude Include="src\sg14\auxiliary\overflow.h">
      <Filter>sg14\auxiliary</Filter>
    </ClInclude>
    <ClInclude Include="src\sg14\auxiliary\precise_integer.h">
      <Filter>sg14\auxiliary</Filter>
    </ClInclude>
    <ClInclude Include="src\sg14\auxiliary\safe_integer.h">
      <Filter>sg14\auxiliary</Filter>
    </ClInclude>
    <ClInclude Include="src\sg14\auxiliary\boost.multiprecision.h">
      <Filter>sg14\auxiliary</Filter>
    </ClInclude>
    <ClInclude Include="src\sg14\auxiliary\boost.simd.h">
      <Filter>sg14\auxiliary</Filter>
    </ClInclude>
    <ClInclude Include="src\sg14\auxiliary\const_integer.h">
      <Filter>sg14\auxiliary</Filter>
    </ClInclude>
    <ClInclude Include="src\sg14\auxiliary\elastic_fixed_point.h">
      <Filter>sg14\auxiliary</Filter>
    </ClInclude>
    <ClInclude Include="src\sg14\bits\common.h">
      <Filter>sg14\bits</Filter>
    </ClInclude>
    <ClInclude Include="src\sg14\bits\config.h">
      <Filter>sg14\bits</Filter>
    </ClInclude>
    <ClInclude Include="src\sg14\bits\fixed_point_arithmetic.h">
      <Filter>sg14\bits</Filter>
    </ClInclude>
    <ClInclude Include="src\sg14\bits\fixed_point_common_type.h">
      <Filter>sg14\bits</Filter>
    </ClInclude>
    <ClInclude Include="src\sg14\bits\fixed_point_extras.h">
      <Filter>sg14\bits</Filter>
    </ClInclude>
    <ClInclude Include="src\sg14\bits\fixed_point_make.h">
      <Filter>sg14\bits</Filter>
    </ClInclude>
    <ClInclude Include="src\sg14\bits\fixed_point_math.h">
      <Filter>sg14\bits</Filter>
    </ClInclude>
    <ClInclude Include="src\sg14\bits\fixed_point_named.h">
      <Filter>sg14\bits</Filter>
    </ClInclude>
    <ClInclude Include="src\sg14\bits\fixed_point_operators.h">
      <Filter>sg14\bits</Filter>
    </ClInclude>
    <ClInclude Include="src\sg14\bits\fixed_point_type.h">
      <Filter>sg14\bits</Filter>
    </ClInclude>
    <ClInclude Include="src\sg14\bits\limits.h">
      <Filter>sg14\bits</Filter>
    </ClInclude>
    <ClInclude Include="src\sg14\bits\number_base.h">
      <Filter>sg14\bits</Filter>
    </ClInclude>
    <ClInclude Include="src\sg14\bits\type_traits.h">
      <Filter>sg14\bits</Filter>
    </ClInclude>
    <ClInclude Include="src\tr\trFixed.hpp">
      <Filter>tr</Filter>
    </ClInclude>
    <ClInclude Include="src\tr\trFixedVertex.hpp">
      <Filter>tr</Filter>
    </ClInclude>
    <ClInclude Include="src\tr\trFixedVector3.hpp">
      <Filter>tr</Filter>
    </ClInclude>
    <ClInclude Include="src\tr\trFixedVector2.hpp">
      <Filter>tr</Filter>
    </ClInclude>
  </ItemGroup>
  <ItemGroup>
    <ClCompile Include="src\matrix\Matrices.cpp">
      <Filter>matrix</Filter>
    </ClCompile>
    <ClCompile Include="src\example.cpp" />
    <ClCompile Include="src\tr\trFunctions.cpp">
      <Filter>tr</Filter>
    </ClCompile>
    <ClCompile Include="src\tr\trRasterizer.cpp">
      <Filter>tr</Filter>
    </ClCompile>
    <ClCompile Include="src\lodepng\lodepng.cpp">
      <Filter>lodepng</Filter>
    </ClCompile>
    <ClCompile Include="src\tr\trVertex.cpp">
      <Filter>tr</Filter>
    </ClCompile>
    <ClCompile Include="src\tr\trFixedVector2.cpp">
      <Filter>tr</Filter>
    </ClCompile>
    <ClCompile Include="src\tr\trFixedVector3.cpp">
      <Filter>tr</Filter>
    </ClCompile>
    <ClCompile Include="src\tr\trFixedVertex.cpp">
      <Filter>tr</Filter>
    </ClCompile>
  </ItemGroup>
</Project>