
Microsoft Visual Studio Solution File, Format Version 12.00
# Visual Studio 14
VisualStudioVersion = 14.0.25420.1
MinimumVisualStudioVersion = 10.0.40219.1
Project("{8BC9CEB8-8B4A-11D0-8D11-00A0C91BC942}") = "triangle-rasterizer", "triangle-rasterizer.vcxproj", "{E1B0201A-68AD-48E7-825E-65170D56712A}"
EndProject
Global
	GlobalSection(SolutionConfigurationPlatforms) = preSolution
		debug|x64 = debug|x64
		debug|x86 = debug|x86
		release|x64 = release|x64
		release|x86 = release|x86
	EndGlobalSection
	GlobalSection(ProjectConfigurationPlatforms) = postSolution
		{E1B0201A-68AD-48E7-825E-65170D56712A}.debug|x64.ActiveCfg = debug|x64
		{E1B0201A-68AD-48E7-825E-65170D56712A}.debug|x64.Build.0 = debug|x64
		{E1B0201A-68AD-48E7-825E-65170D56712A}.debug|x86.ActiveCfg = debug|Win32
		{E1B0201A-68AD-48E7-825E-65170D56712A}.debug|x86.Build.0 = debug|Win32
		{E1B0201A-68AD-48E7-825E-65170D56712A}.release|x64.ActiveCfg = release|x64
		{E1B0201A-68AD-48E7-825E-65170D56712A}.release|x64.Build.0 = release|x64
		{E1B0201A-68AD-48E7-825E-65170D56712A}.release|x86.ActiveCfg = release|Win32
		{E1B0201A-68AD-48E7-825E-65170D56712A}.release|x86.Build.0 = release|Win32
	EndGlobalSection
	GlobalSection(SolutionProperties) = preSolution
		HideSolutionNode = FALSE
	EndGlobalSection
EndGlobal
